
Microsoft Visual Studio Solution File, Format Version 12.00
# Visual Studio Version 18
VisualStudioVersion = 18.3.11312.210 d18.3
MinimumVisualStudioVersion = 10.0.40219.1
Project("{FAE04EC0-301F-11D3-BF4B-00C04F79EFBC}") = "Project64Spy", "Project64Spy.csproj", "{265E6467-1C02-463D-ADE0-FDE2A3300925}"
EndProject
Project("{FAE04EC0-301F-11D3-BF4B-00C04F79EFBC}") = "MIPSInterpreter", "MIPSInterpreter\MIPSInterpreter.csproj", "{144EE1B2-EFFB-4014-AD15-4DC8BAE367A0}"
EndProject
Global
	GlobalSection(SolutionConfigurationPlatforms) = preSolution
		Debug|Any CPU = Debug|Any CPU
		Debug|x64 = Debug|x64
		Debug|x86 = Debug|x86
		Release|Any CPU = Release|Any CPU
		Release|x64 = Release|x64
		Release|x86 = Release|x86
	EndGlobalSection
	GlobalSection(ProjectConfigurationPlatforms) = postSolution
		{265E6467-1C02-463D-ADE0-FDE2A3300925}.Debug|Any CPU.ActiveCfg = Debug|x86
		{265E6467-1C02-463D-ADE0-FDE2A3300925}.Debug|x64.ActiveCfg = Debug|x64
		{265E6467-1C02-463D-ADE0-FDE2A3300925}.Debug|x64.Build.0 = Debug|x64
		{265E6467-1C02-463D-ADE0-FDE2A3300925}.Debug|x86.ActiveCfg = Debug|x86
		{265E6467-1C02-463D-ADE0-FDE2A3300925}.Debug|x86.Build.0 = Debug|x86
		{265E6467-1C02-463D-ADE0-FDE2A3300925}.Release|Any CPU.ActiveCfg = Release|x86
		{265E6467-1C02-463D-ADE0-FDE2A3300925}.Release|x64.ActiveCfg = Release|x64
		{265E6467-1C02-463D-ADE0-FDE2A3300925}.Release|x64.Build.0 = Release|x64
		{265E6467-1C02-463D-ADE0-FDE2A3300925}.Release|x86.ActiveCfg = Release|x86
		{265E6467-1C02-463D-ADE0-FDE2A3300925}.Release|x86.Build.0 = Release|x86
		{144EE1B2-EFFB-4014-AD15-4DC8BAE367A0}.Debug|Any CPU.ActiveCfg = Debug|Any CPU
		{144EE1B2-EFFB-4014-AD15-4DC8BAE367A0}.Debug|Any CPU.Build.0 = Debug|Any CPU
		{144EE1B2-EFFB-4014-AD15-4DC8BAE367A0}.Debug|x64.ActiveCfg = Debug|Any CPU
		{144EE1B2-EFFB-4014-AD15-4DC8BAE367A0}.Debug|x64.Build.0 = Debug|Any CPU
		{144EE1B2-EFFB-4014-AD15-4DC8BAE367A0}.Debug|x86.ActiveCfg = Debug|Any CPU
		{144EE1B2-EFFB-4014-AD15-4DC8BAE367A0}.Debug|x86.Build.0 = Debug|Any CPU
		{144EE1B2-EFFB-4014-AD15-4DC8BAE367A0}.Release|Any CPU.ActiveCfg = Release|Any CPU
		{144EE1B2-EFFB-4014-AD15-4DC8BAE367A0}.Release|Any CPU.Build.0 = Release|Any CPU
		{144EE1B2-EFFB-4014-AD15-4DC8BAE367A0}.Release|x64.ActiveCfg = Release|Any CPU
		{144EE1B2-EFFB-4014-AD15-4DC8BAE367A0}.Release|x64.Build.0 = Release|Any CPU
		{144EE1B2-EFFB-4014-AD15-4DC8BAE367A0}.Release|x86.ActiveCfg = Release|Any CPU
		{144EE1B2-EFFB-4014-AD15-4DC8BAE367A0}.Release|x86.Build.0 = Release|Any CPU
	EndGlobalSection
	GlobalSection(SolutionProperties) = preSolution
		HideSolutionNode = FALSE
	EndGlobalSection
	GlobalSection(ExtensibilityGlobals) = postSolution
		SolutionGuid = {64C7578E-D27A-4514-AE1C-BB4FEED2DA3D}
	EndGlobalSection
EndGlobal
